PODS:
  - AFNetworking (3.0.4):
    - AFNetworking/NSURLSession (= 3.0.4)
    - AFNetworking/Reachability (= 3.0.4)
    - AFNetworking/Security (= 3.0.4)
    - AFNetworking/Serialization (= 3.0.4)
    - AFNetworking/UIKit (= 3.0.4)
  - AFNetworking/NSURLSession (3.0.4):
    - AFNetworking/Reachability
    - AFNetworking/Security
    - AFNetworking/Serialization
  - AFNetworking/Reachability (3.0.4)
  - AFNetworking/Security (3.0.4)
  - AFNetworking/Serialization (3.0.4)
  - AFNetworking/UIKit (3.0.4):
    - AFNetworking/NSURLSession
  - BGNetwork (0.2.6):
    - AFNetworking (~> 3.0.2)
  - GCDWebServer (3.3.3):
    - GCDWebServer/Core (= 3.3.3)
  - GCDWebServer/Core (3.3.3)
  - IQKeyboardManager (4.0.7)
  - Masonry (1.0.2)
  - MBProgressHUD (1.0.0)
  - MJRefresh (3.1.12)
  - RHNJKWebViewProgress (0.2.4):
    - RHNJKWebViewProgress/Core (= 0.2.4)
    - RHNJKWebViewProgress/ProgressView (= 0.2.4)
  - RHNJKWebViewProgress/Core (0.2.4)
  - RHNJKWebViewProgress/ProgressView (0.2.4)
  - SDWebImage (3.8.2):
    - SDWebImage/Core (= 3.8.2)
  - SDWebImage/Core (3.8.2)
  - UMengAnalytics-NO-IDFA (4.1.5)
  - UMengUShare/Core (6.1.1):
    - UMengUShare/Network
  - UMengUShare/Network (6.1.1)
  - UMengUShare/Social/QQ (6.1.1):
    - UMengUShare/Core
  - UMengUShare/Social/Sina (6.1.1):
    - UMengUShare/Core
  - UMengUShare/Social/WeChat (6.1.1):
    - UMengUShare/Core
  - UMengUShare/UI (6.1.1):
    - UMengUShare/Core

DEPENDENCIES:
  - BGNetwork
  - GCDWebServer (~> 3.3.3)
  - IQKeyboardManager (~> 4.0.6)
  - Masonry (~> 1.0.2)
  - MBProgressHUD (~> 1.0.0)
  - MJRefresh (~> 3.1.12)
  - RHNJKWebViewProgress (~> 0.2.4)
  - SDWebImage (~> 3.8.2)
  - UMengAnalytics-NO-IDFA
  - UMengUShare/Social/QQ
  - UMengUShare/Social/Sina
  - UMengUShare/Social/WeChat
  - UMengUShare/UI

SPEC CHECKSUMS:
  AFNetworking: a0075feb321559dc78d9d85b55d11caa19eabb93
  BGNetwork: 66986f143548bb5308bffd85dfb2bfd544de1450
  GCDWebServer: 1c39a1f0763e4eb492bee021e4270fce097d3555
  IQKeyboardManager: 69002bb4fea60596b710e57d426abc00e5063630
  Masonry: 7c429b56da9d4ee0bbb3ed77a5ea710d6a5df39e
  MBProgressHUD: 4890f671c94e8a0f3cf959aa731e9de2f036d71a
  MJRefresh: b96cdb21c4aa75a7b07654311ab2f315c497e806
  RHNJKWebViewProgress: e3c81e911431f498f6728ef26ea996b0edcc7941
  SDWebImage: 098e97e6176540799c27e804c96653ee0833d13c
  UMengAnalytics-NO-IDFA: f1b08b540eba6ebad044a574cae6d988cf40cfda
  UMengUShare: 0a80f54ee06f71f3de7c57764c36339e8bf9b7e7

PODFILE CHECKSUM: 0fa96f789324d8a4eb2c7bdd7f70e784532bdb32

COCOAPODS: 1.0.1
